
Microsoft Visual Studio Solution File, Format Version 12.00
# Visual Studio 2013
VisualStudioVersion = 12.0.31101.0
MinimumVisualStudioVersion = 10.0.40219.1
Project("{8BC9CEB8-8B4A-11D0-8D11-00A0C91BC942}") = "Recipe14-5-Server", "Recipe14-5-Server\Recipe14-5-Server.vcxproj", "{6BF6266D-CC6E-4360-A1B4-6FD4B1B605C5}"
EndProject
Global
	GlobalSection(SolutionConfigurationPlatforms) = preSolution
		Debug|Win32 = Debug|Win32
		Release|Win32 = Release|Win32
	EndGlobalSection
	GlobalSection(ProjectConfigurationPlatforms) = postSolution
		{6BF6266D-CC6E-4360-A1B4-6FD4B1B605C5}.Debug|Win32.ActiveCfg = Debug|Win32
		{6BF6266D-CC6E-4360-A1B4-6FD4B1B605C5}.Debug|Win32.Build.0 = Debug|Win32
		{6BF6266D-CC6E-4360-A1B4-6FD4B1B605C5}.Release|Win32.ActiveCfg = Release|Win32
		{6BF6266D-CC6E-4360-A1B4-6FD4B1B605C5}.Release|Win32.Build.0 = Release|Win32
	EndGlobalSection
	GlobalSection(SolutionProperties) = preSolution
		HideSolutionNode = FALSE
	EndGlobalSection
EndGlobal
